// !$*UTF8*$!
{
	archiveVersion = 1;
	classes = {
	};
	objectVersion = 46;
	objects = {

/* Begin PBXBuildFile section */
		0F61BDDB19F906060020C559 /* AppDelegate.swift in Sources */ = {isa = PBXBuildFile; fileRef = 0F61BDDA19F906060020C559 /* AppDelegate.swift */; };
		0F61BDDE19F906060020C559 /* ExchangeAGram.xcdatamodeld in Sources */ = {isa = PBXBuildFile; fileRef = 0F61BDDC19F906060020C559 /* ExchangeAGram.xcdatamodeld */; };
		0F61BDE319F906060020C559 /* Main.storyboard in Resources */ = {isa = PBXBuildFile; fileRef = 0F61BDE119F906060020C559 /* Main.storyboard */; };
		0F61BDE519F906060020C559 /* Images.xcassets in Resources */ = {isa = PBXBuildFile; fileRef = 0F61BDE419F906060020C559 /* Images.xcassets */; };
		0F61BDE819F906060020C559 /* LaunchScreen.xib in Resources */ = {isa = PBXBuildFile; fileRef = 0F61BDE619F906060020C559 /* LaunchScreen.xib */; };
		0F61BDF419F906060020C559 /* ExchangeAGramTests.swift in Sources */ = {isa = PBXBuildFile; fileRef = 0F61BDF319F906060020C559 /* ExchangeAGramTests.swift */; };
		0F61BDFE19F9109C0020C559 /* FeedViewController.swift in Sources */ = {isa = PBXBuildFile; fileRef = 0F61BDFD19F9109C0020C559 /* FeedViewController.swift */; };
		0F61BE0019F912FB0020C559 /* FeedCell.swift in Sources */ = {isa = PBXBuildFile; fileRef = 0F61BDFF19F912FB0020C559 /* FeedCell.swift */; };
		0F61BE0219F914850020C559 /* MobileCoreServices.framework in Frameworks */ = {isa = PBXBuildFile; fileRef = 0F61BE0119F914850020C559 /* MobileCoreServices.framework */; };
		0F7857DF19FE2D7200D4EB1E /* FilterViewController.swift in Sources */ = {isa = PBXBuildFile; fileRef = 0F7857DE19FE2D7200D4EB1E /* FilterViewController.swift */; };
		0F7857E119FE31D600D4EB1E /* FilterCell.swift in Sources */ = {isa = PBXBuildFile; fileRef = 0F7857E019FE31D600D4EB1E /* FilterCell.swift */; };
		0F816E5C19FF8ACF002513F7 /* FeedItem.swift in Sources */ = {isa = PBXBuildFile; fileRef = 0F816E5B19FF8ACF002513F7 /* FeedItem.swift */; };
		0F816E5F1A022D72002513F7 /* ProfileViewController.swift in Sources */ = {isa = PBXBuildFile; fileRef = 0F816E5E1A022D72002513F7 /* ProfileViewController.swift */; };
		0F816E611A02462C002513F7 /* FacebookSDK.framework in Frameworks */ = {isa = PBXBuildFile; fileRef = 0F816E601A02462C002513F7 /* FacebookSDK.framework */; };
/* End PBXBuildFile section */

/* Begin PBXContainerItemProxy section */
		0F61BDEE19F906060020C559 /* PBXContainerItemProxy */ = {
			isa = PBXContainerItemProxy;
			containerPortal = 0F61BDCD19F906060020C559 /* Project object */;
			proxyType = 1;
			remoteGlobalIDString = 0F61BDD419F906060020C559;
			remoteInfo = ExchangeAGram;
		};
/* End PBXContainerItemProxy section */

/* Begin PBXFileReference section */
		0F61BDD519F906060020C559 /* ExchangeAGram.app */ = {isa = PBXFileReference; explicitFileType = wrapper.application; includeInIndex = 0; path = ExchangeAGram.app; sourceTree = BUILT_PRODUCTS_DIR; };
		0F61BDD919F906060020C559 /* Info.plist */ = {isa = PBXFileReference; lastKnownFileType = text.plist.xml; path = Info.plist; sourceTree = "<group>"; };
		0F61BDDA19F906060020C559 /* AppDelegate.swift */ = {isa = PBXFileReference; lastKnownFileType = sourcecode.swift; path = AppDelegate.swift; sourceTree = "<group>"; };
		0F61BDDD19F906060020C559 /* ExchangeAGram.xcdatamodel */ = {isa = PBXFileReference; lastKnownFileType = wrapper.xcdatamodel; path = ExchangeAGram.xcdatamodel; sourceTree = "<group>"; };
		0F61BDE219F906060020C559 /* Base */ = {isa = PBXFileReference; lastKnownFileType = file.storyboard; name = Base; path = Base.lproj/Main.storyboard; sourceTree = "<group>"; };
		0F61BDE419F906060020C559 /* Images.xcassets */ = {isa = PBXFileReference; lastKnownFileType = folder.assetcatalog; path = Images.xcassets; sourceTree = "<group>"; };
		0F61BDE719F906060020C559 /* Base */ = {isa = PBXFileReference; lastKnownFileType = file.xib; name = Base; path = Base.lproj/LaunchScreen.xib; sourceTree = "<group>"; };
		0F61BDED19F906060020C559 /* ExchangeAGramTests.xctest */ = {isa = PBXFileReference; explicitFileType = wrapper.cfbundle; includeInIndex = 0; path = ExchangeAGramTests.xctest; sourceTree = BUILT_PRODUCTS_DIR; };
		0F61BDF219F906060020C559 /* Info.plist */ = {isa = PBXFileReference; lastKnownFileType = text.plist.xml; path = Info.plist; sourceTree = "<group>"; };
		0F61BDF319F906060020C559 /* ExchangeAGramTests.swift */ = {isa = PBXFileReference; lastKnownFileType = sourcecode.swift; path = ExchangeAGramTests.swift; sourceTree = "<group>"; };
		0F61BDFD19F9109C0020C559 /* FeedViewController.swift */ = {isa = PBXFileReference; fileEncoding = 4; lastKnownFileType = sourcecode.swift; path = FeedViewController.swift; sourceTree = "<group>"; };
		0F61BDFF19F912FB0020C559 /* FeedCell.swift */ = {isa = PBXFileReference; fileEncoding = 4; lastKnownFileType = sourcecode.swift; path = FeedCell.swift; sourceTree = "<group>"; };
		0F61BE0119F914850020C559 /* MobileCoreServices.framework */ = {isa = PBXFileReference; lastKnownFileType = wrapper.framework; name = MobileCoreServices.framework; path = System/Library/Frameworks/MobileCoreServices.framework; sourceTree = SDKROOT; };
		0F7857DE19FE2D7200D4EB1E /* FilterViewController.swift */ = {isa = PBXFileReference; fileEncoding = 4; lastKnownFileType = sourcecode.swift; path = FilterViewController.swift; sourceTree = "<group>"; };
		0F7857E019FE31D600D4EB1E /* FilterCell.swift */ = {isa = PBXFileReference; fileEncoding = 4; lastKnownFileType = sourcecode.swift; path = FilterCell.swift; sourceTree = "<group>"; };
		0F816E5B19FF8ACF002513F7 /* FeedItem.swift */ = {isa = PBXFileReference; fileEncoding = 4; lastKnownFileType = sourcecode.swift; name = FeedItem.swift; path = ../FeedItem.swift; sourceTree = "<group>"; };
		0F816E5E1A022D72002513F7 /* ProfileViewController.swift */ = {isa = PBXFileReference; fileEncoding = 4; lastKnownFileType = sourcecode.swift; path = ProfileViewController.swift; sourceTree = "<group>"; };
		0F816E601A02462C002513F7 /* FacebookSDK.framework */ = {isa = PBXFileReference; lastKnownFileType = wrapper.framework; name = FacebookSDK.framework; path = ../../../../FacebookSDK/FacebookSDK.framework; sourceTree = "<group>"; };
		0F816E621A02485F002513F7 /* Bridging-Header.h */ = {isa = PBXFileReference; lastKnownFileType = sourcecode.c.h; path = "Bridging-Header.h"; sourceTree = "<group>"; };
/* End PBXFileReference section */

/* Begin PBXFrameworksBuildPhase section */
		0F61BDD219F906060020C559 /* Frameworks */ = {
			isa = PBXFrameworksBuildPhase;
			buildActionMask = 2147483647;
			files = (
				0F61BE0219F914850020C559 /* MobileCoreServices.framework in Frameworks */,
				0F816E611A02462C002513F7 /* FacebookSDK.framework in Frameworks */,
			);
			runOnlyForDeploymentPostprocessing = 0;
		};
		0F61BDEA19F906060020C559 /* Frameworks */ = {
			isa = PBXFrameworksBuildPhase;
			buildActionMask = 2147483647;
			files = (
			);
			runOnlyForDeploymentPostprocessing = 0;
		};
/* End PBXFrameworksBuildPhase section */

/* Begin PBXGroup section */
		0F61BDCC19F906060020C559 = {
			isa = PBXGroup;
			children = (
				0F61BDD719F906060020C559 /* ExchangeAGram */,
				0F61BDF019F906060020C559 /* ExchangeAGramTests */,
				0F61BDD619F906060020C559 /* Products */,
			);
			sourceTree = "<group>";
		};
		0F61BDD619F906060020C559 /* Products */ = {
			isa = PBXGroup;
			children = (
				0F61BDD519F906060020C559 /* ExchangeAGram.app */,
				0F61BDED19F906060020C559 /* ExchangeAGramTests.xctest */,
			);
			name = Products;
			sourceTree = "<group>";
		};
		0F61BDD719F906060020C559 /* ExchangeAGram */ = {
			isa = PBXGroup;
			children = (
				0F61BDDA19F906060020C559 /* AppDelegate.swift */,
				0F61BDFD19F9109C0020C559 /* FeedViewController.swift */,
				0F7857DE19FE2D7200D4EB1E /* FilterViewController.swift */,
				0F816E5E1A022D72002513F7 /* ProfileViewController.swift */,
				0F816E621A02485F002513F7 /* Bridging-Header.h */,
				0F61BDFF19F912FB0020C559 /* FeedCell.swift */,
				0F7857E019FE31D600D4EB1E /* FilterCell.swift */,
				0F816E5D19FF8AEE002513F7 /* Model */,
				0F61BDE119F906060020C559 /* Main.storyboard */,
				0F61BDE419F906060020C559 /* Images.xcassets */,
				0F61BDE619F906060020C559 /* LaunchScreen.xib */,
				0F61BDD819F906060020C559 /* Supporting Files */,
			);
			path = ExchangeAGram;
			sourceTree = "<group>";
		};
		0F61BDD819F906060020C559 /* Supporting Files */ = {
			isa = PBXGroup;
			children = (
				0F816E601A02462C002513F7 /* FacebookSDK.framework */,
				0F61BDD919F906060020C559 /* Info.plist */,
				0F61BE0119F914850020C559 /* MobileCoreServices.framework */,
			);
			name = "Supporting Files";
			sourceTree = "<group>";
		};
		0F61BDF019F906060020C559 /* ExchangeAGramTests */ = {
			isa = PBXGroup;
			children = (
				0F61BDF319F906060020C559 /* ExchangeAGramTests.swift */,
				0F61BDF119F906060020C559 /* Supporting Files */,
			);
			path = ExchangeAGramTests;
			sourceTree = "<group>";
		};
		0F61BDF119F906060020C559 /* Supporting Files */ = {
			isa = PBXGroup;
			children = (
				0F61BDF219F906060020C559 /* Info.plist */,
			);
			name = "Supporting Files";
			sourceTree = "<group>";
		};
		0F816E5D19FF8AEE002513F7 /* Model */ = {
			isa = PBXGroup;
			children = (
				0F61BDDC19F906060020C559 /* ExchangeAGram.xcdatamodeld */,
				0F816E5B19FF8ACF002513F7 /* FeedItem.swift */,
			);
			name = Model;
			sourceTree = "<group>";
		};
/* End PBXGroup section */

/* Begin PBXNativeTarget section */
		0F61BDD419F906060020C559 /* ExchangeAGram */ = {
			isa = PBXNativeTarget;
			buildConfigurationList = 0F61BDF719F906060020C559 /* Build configuration list for PBXNativeTarget "ExchangeAGram" */;
			buildPhases = (
				0F61BDD119F906060020C559 /* Sources */,
				0F61BDD219F906060020C559 /* Frameworks */,
				0F61BDD319F906060020C559 /* Resources */,
			);
			buildRules = (
			);
			dependencies = (
			);
			name = ExchangeAGram;
			productName = ExchangeAGram;
			productReference = 0F61BDD519F906060020C559 /* ExchangeAGram.app */;
			productType = "com.apple.product-type.application";
		};
		0F61BDEC19F906060020C559 /* ExchangeAGramTests */ = {
			isa = PBXNativeTarget;
			buildConfigurationList = 0F61BDFA19F906060020C559 /* Build configuration list for PBXNativeTarget "ExchangeAGramTests" */;
			buildPhases = (
				0F61BDE919F906060020C559 /* Sources */,
				0F61BDEA19F906060020C559 /* Frameworks */,
				0F61BDEB19F906060020C559 /* Resources */,
			);
			buildRules = (
			);
			dependencies = (
				0F61BDEF19F906060020C559 /* PBXTargetDependency */,
			);
			name = ExchangeAGramTests;
			productName = ExchangeAGramTests;
			productReference = 0F61BDED19F906060020C559 /* ExchangeAGramTests.xctest */;
			productType = "com.apple.product-type.bundle.unit-test";
		};
/* End PBXNativeTarget section */

/* Begin PBXProject section */
		0F61BDCD19F906060020C559 /* Project object */ = {
			isa = PBXProject;
			attributes = {
				LastUpgradeCheck = 0600;
				ORGANIZATIONNAME = "Dave Arnoldi";
				TargetAttributes = {
					0F61BDD419F906060020C559 = {
						CreatedOnToolsVersion = 6.0.1;
					};
					0F61BDEC19F906060020C559 = {
						CreatedOnToolsVersion = 6.0.1;
						TestTargetID = 0F61BDD419F906060020C559;
					};
				};
			};
			buildConfigurationList = 0F61BDD019F906060020C559 /* Build configuration list for PBXProject "ExchangeAGram" */;
			compatibilityVersion = "Xcode 3.2";
			developmentRegion = English;
			hasScannedForEncodings = 0;
			knownRegions = (
				en,
				Base,
			);
			mainGroup = 0F61BDCC19F906060020C559;
			productRefGroup = 0F61BDD619F906060020C559 /* Products */;
			projectDirPath = "";
			projectRoot = "";
			targets = (
				0F61BDD419F906060020C559 /* ExchangeAGram */,
				0F61BDEC19F906060020C559 /* ExchangeAGramTests */,
			);
		};
/* End PBXProject section */

/* Begin PBXResourcesBuildPhase section */
		0F61BDD319F906060020C559 /* Resources */ = {
			isa = PBXResourcesBuildPhase;
			buildActionMask = 2147483647;
			files = (
				0F61BDE319F906060020C559 /* Main.storyboard in Resources */,
				0F61BDE819F906060020C559 /* LaunchScreen.xib in Resources */,
				0F61BDE519F906060020C559 /* Images.xcassets in Resources */,
			);
			runOnlyForDeploymentPostprocessing = 0;
		};
		0F61BDEB19F906060020C559 /* Resources */ = {
			isa = PBXResourcesBuildPhase;
			buildActionMask = 2147483647;
			files = (
			);
			runOnlyForDeploymentPostprocessing = 0;
		};
/* End PBXResourcesBuildPhase section */

/* Begin PBXSourcesBuildPhase section */
		0F61BDD119F906060020C559 /* Sources */ = {
			isa = PBXSourcesBuildPhase;
			buildActionMask = 2147483647;
			files = (
				0F7857E119FE31D600D4EB1E /* FilterCell.swift in Sources */,
				0F7857DF19FE2D7200D4EB1E /* FilterViewController.swift in Sources */,
				0F61BDDB19F906060020C559 /* AppDelegate.swift in Sources */,
				0F61BE0019F912FB0020C559 /* FeedCell.swift in Sources */,
				0F61BDFE19F9109C0020C559 /* FeedViewController.swift in Sources */,
				0F816E5C19FF8ACF002513F7 /* FeedItem.swift in Sources */,
				0F816E5F1A022D72002513F7 /* ProfileViewController.swift in Sources */,
				0F61BDDE19F906060020C559 /* ExchangeAGram.xcdatamodeld in Sources */,
			);
			runOnlyForDeploymentPostprocessing = 0;
		};
		0F61BDE919F906060020C559 /* Sources */ = {
			isa = PBXSourcesBuildPhase;
			buildActionMask = 2147483647;
			files = (
				0F61BDF419F906060020C559 /* ExchangeAGramTests.swift in Sources */,
			);
			runOnlyForDeploymentPostprocessing = 0;
		};
/* End PBXSourcesBuildPhase section */

/* Begin PBXTargetDependency section */
		0F61BDEF19F906060020C559 /* PBXTargetDependency */ = {
			isa = PBXTargetDependency;
			target = 0F61BDD419F906060020C559 /* ExchangeAGram */;
			targetProxy = 0F61BDEE19F906060020C559 /* PBXContainerItemProxy */;
		};
/* End PBXTargetDependency section */

/* Begin PBXVariantGroup section */
		0F61BDE119F906060020C559 /* Main.storyboard */ = {
			isa = PBXVariantGroup;
			children = (
				0F61BDE219F906060020C559 /* Base */,
			);
			name = Main.storyboard;
			sourceTree = "<group>";
		};
		0F61BDE619F906060020C559 /* LaunchScreen.xib */ = {
			isa = PBXVariantGroup;
			children = (
				0F61BDE719F906060020C559 /* Base */,
			);
			name = LaunchScreen.xib;
			sourceTree = "<group>";
		};
/* End PBXVariantGroup section */

/* Begin XCBuildConfiguration section */
		0F61BDF519F906060020C559 /* Debug */ = {
			isa = XCBuildConfiguration;
			buildSettings = {
				ALWAYS_SEARCH_USER_PATHS = NO;
				CLANG_CXX_LANGUAGE_STANDARD = "gnu++0x";
				CLANG_CXX_LIBRARY = "libc++";
				CLANG_ENABLE_MODULES = YES;
				CLANG_ENABLE_OBJC_ARC = YES;
				CLANG_WARN_BOOL_CONVERSION = YES;
				CLANG_WARN_CONSTANT_CONVERSION = YES;
				CLANG_WARN_DIRECT_OBJC_ISA_USAGE = YES_ERROR;
				CLANG_WARN_EMPTY_BODY = YES;
				CLANG_WARN_ENUM_CONVERSION = YES;
				CLANG_WARN_INT_CONVERSION = YES;
				CLANG_WARN_OBJC_ROOT_CLASS = YES_ERROR;
				CLANG_WARN_UNREACHABLE_CODE = YES;
				CLANG_WARN__DUPLICATE_METHOD_MATCH = YES;
				"CODE_SIGN_IDENTITY[sdk=iphoneos*]" = "iPhone Developer";
				COPY_PHASE_STRIP = NO;
				ENABLE_STRICT_OBJC_MSGSEND = YES;
				GCC_C_LANGUAGE_STANDARD = gnu99;
				GCC_DYNAMIC_NO_PIC = NO;
				GCC_OPTIMIZATION_LEVEL = 0;
				GCC_PREPROCESSOR_DEFINITIONS = (
					"DEBUG=1",
					"$(inherited)",
				);
				GCC_SYMBOLS_PRIVATE_EXTERN = NO;
				GCC_WARN_64_TO_32_BIT_CONVERSION = YES;
				GCC_WARN_ABOUT_RETURN_TYPE = YES_ERROR;
				GCC_WARN_UNDECLARED_SELECTOR = YES;
				GCC_WARN_UNINITIALIZED_AUTOS = YES_AGGRESSIVE;
				GCC_WARN_UNUSED_FUNCTION = YES;
				GCC_WARN_UNUSED_VARIABLE = YES;
				IPHONEOS_DEPLOYMENT_TARGET = 8.1;
				MTL_ENABLE_DEBUG_INFO = YES;
				ONLY_ACTIVE_ARCH = YES;
				SDKROOT = iphoneos;
				SWIFT_OPTIMIZATION_LEVEL = "-Onone";
				TARGETED_DEVICE_FAMILY = "1,2";
			};
			name = Debug;
		};
		0F61BDF619F906060020C559 /* Release */ = {
			isa = XCBuildConfiguration;
			buildSettings = {
				ALWAYS_SEARCH_USER_PATHS = NO;
				CLANG_CXX_LANGUAGE_STANDARD = "gnu++0x";
				CLANG_CXX_LIBRARY = "libc++";
				CLANG_ENABLE_MODULES = YES;
				CLANG_ENABLE_OBJC_ARC = YES;
				CLANG_WARN_BOOL_CONVERSION = YES;
				CLANG_WARN_CONSTANT_CONVERSION = YES;
				CLANG_WARN_DIRECT_OBJC_ISA_USAGE = YES_ERROR;
				CLANG_WARN_EMPTY_BODY = YES;
				CLANG_WARN_ENUM_CONVERSION = YES;
				CLANG_WARN_INT_CONVERSION = YES;
				CLANG_WARN_OBJC_ROOT_CLASS = YES_ERROR;
				CLANG_WARN_UNREACHABLE_CODE = YES;
				CLANG_WARN__DUPLICATE_METHOD_MATCH = YES;
				"CODE_SIGN_IDENTITY[sdk=iphoneos*]" = "iPhone Developer";
				COPY_PHASE_STRIP = YES;
				ENABLE_NS_ASSERTIONS = NO;
				ENABLE_STRICT_OBJC_MSGSEND = YES;
				GCC_C_LANGUAGE_STANDARD = gnu99;
				GCC_WARN_64_TO_32_BIT_CONVERSION = YES;
				GCC_WARN_ABOUT_RETURN_TYPE = YES_ERROR;
				GCC_WARN_UNDECLARED_SELECTOR = YES;
				GCC_WARN_UNINITIALIZED_AUTOS = YES_AGGRESSIVE;
				GCC_WARN_UNUSED_FUNCTION = YES;
				GCC_WARN_UNUSED_VARIABLE = YES;
				IPHONEOS_DEPLOYMENT_TARGET = 8.1;
				MTL_ENABLE_DEBUG_INFO = NO;
				SDKROOT = iphoneos;
				TARGETED_DEVICE_FAMILY = "1,2";
				VALIDATE_PRODUCT = YES;
			};
			name = Release;
		};
		0F61BDF819F906060020C559 /* Debug */ = {
			isa = XCBuildConfiguration;
			buildSettings = {
				ASSETCATALOG_COMPILER_APPICON_NAME = AppIcon;
				FRAMEWORK_SEARCH_PATHS = (
					"$(inherited)",
					/Users/davearnoldi/Documents/FacebookSDK,
				);
				INFOPLIST_FILE = ExchangeAGram/Info.plist;
				IPHONEOS_DEPLOYMENT_TARGET = 8.1;
				LD_RUNPATH_SEARCH_PATHS = "$(inherited) @executable_path/Frameworks";
				PRODUCT_NAME = "$(TARGET_NAME)";
				SWIFT_OBJC_BRIDGING_HEADER = "ExchangeAGram/Bridging-Header.h";
			};
			name = Debug;
		};
		0F61BDF919F906060020C559 /* Release */ = {
			isa = XCBuildConfiguration;
			buildSettings = {
				ASSETCATALOG_COMPILER_APPICON_NAME = AppIcon;
				FRAMEWORK_SEARCH_PATHS = (
					"$(inherited)",
					/Users/davearnoldi/Documents/FacebookSDK,
				);
				INFOPLIST_FILE = ExchangeAGram/Info.plist;
				IPHONEOS_DEPLOYMENT_TARGET = 8.1;
				LD_RUNPATH_SEARCH_PATHS = "$(inherited) @executable_path/Frameworks";
				PRODUCT_NAME = "$(TARGET_NAME)";
				SWIFT_OBJC_BRIDGING_HEADER = "ExchangeAGram/Bridging-Header.h";
			};
			name = Release;
		};
		0F61BDFB19F906060020C559 /* Debug */ = {
			isa = XCBuildConfiguration;
			buildSettings = {
				BUNDLE_LOADER = "$(TEST_HOST)";
				FRAMEWORK_SEARCH_PATHS = (
					"$(SDKROOT)/Developer/Library/Frameworks",
					"$(inherited)",
				);
				GCC_PREPROCESSOR_DEFINITIONS = (
					"DEBUG=1",
					"$(inherited)",
				);
				INFOPLIST_FILE = ExchangeAGramTests/Info.plist;
				LD_RUNPATH_SEARCH_PATHS = "$(inherited) @executable_path/Frameworks @loader_path/Frameworks";
				PRODUCT_NAME = "$(TARGET_NAME)";
				TEST_HOST = "$(BUILT_PRODUCTS_DIR)/ExchangeAGram.app/ExchangeAGram";
			};
			name = Debug;
		};
		0F61BDFC19F906060020C559 /* Release */ = {
			isa = XCBuildConfiguration;
			buildSettings = {
				BUNDLE_LOADER = "$(TEST_HOST)";
				FRAMEWORK_SEARCH_PATHS = (
					"$(SDKROOT)/Developer/Library/Frameworks",
					"$(inherited)",
				);
				INFOPLIST_FILE = ExchangeAGramTests/Info.plist;
				LD_RUNPATH_SEARCH_PATHS = "$(inherited) @executable_path/Frameworks @loader_path/Frameworks";
				PRODUCT_NAME = "$(TARGET_NAME)";
				TEST_HOST = "$(BUILT_PRODUCTS_DIR)/ExchangeAGram.app/ExchangeAGram";
			};
			name = Release;
		};
/* End XCBuildConfiguration section */

/* Begin XCConfigurationList section */
		0F61BDD019F906060020C559 /* Build configuration list for PBXProject "ExchangeAGram" */ = {
			isa = XCConfigurationList;
			buildConfigurations = (
				0F61BDF519F906060020C559 /* Debug */,
				0F61BDF619F906060020C559 /* Release */,
			);
			defaultConfigurationIsVisible = 0;
			defaultConfigurationName = Release;
		};
		0F61BDF719F906060020C559 /* Build configuration list for PBXNativeTarget "ExchangeAGram" */ = {
			isa = XCConfigurationList;
			buildConfigurations = (
				0F61BDF819F906060020C559 /* Debug */,
				0F61BDF919F906060020C559 /* Release */,
			);
			defaultConfigurationIsVisible = 0;
			defaultConfigurationName = Release;
		};
		0F61BDFA19F906060020C559 /* Build configuration list for PBXNativeTarget "ExchangeAGramTests" */ = {
			isa = XCConfigurationList;
			buildConfigurations = (
				0F61BDFB19F906060020C559 /* Debug */,
				0F61BDFC19F906060020C559 /* Release */,
			);
			defaultConfigurationIsVisible = 0;
			defaultConfigurationName = Release;
		};
/* End XCConfigurationList section */

/* Begin XCVersionGroup section */
		0F61BDDC19F906060020C559 /* ExchangeAGram.xcdatamodeld */ = {
			isa = XCVersionGroup;
			children = (
				0F61BDDD19F906060020C559 /* ExchangeAGram.xcdatamodel */,
			);
			currentVersion = 0F61BDDD19F906060020C559 /* ExchangeAGram.xcdatamodel */;
			path = ExchangeAGram.xcdatamodeld;
			sourceTree = "<group>";
			versionGroupType = wrapper.xcdatamodel;
		};
/* End XCVersionGroup section */
	};
	rootObject = 0F61BDCD19F906060020C559 /* Project object */;
}
